
Microsoft Visual Studio Solution File, Format Version 12.00
# Visual Studio Version 17
VisualStudioVersion = 17.4.33122.133
MinimumVisualStudioVersion = 10.0.40219.1
Project("{8BC9CEB8-8B4A-11D0-8D11-00A0C91BC942}") = "Studia_projek_zaliczenie", "Studia_projek_zaliczenie\Studia_projek_zaliczenie.vcxproj", "{9C00E4E2-82F4-4533-8F25-BDAFA4DB6ABC}"
EndProject
Global
	GlobalSection(SolutionConfigurationPlatforms) = preSolution
		Debug|x64 = Debug|x64
		Debug|x86 = Debug|x86
		Release|x64 = Release|x64
		Release|x86 = Release|x86
	EndGlobalSection
	GlobalSection(ProjectConfigurationPlatforms) = postSolution
		{9C00E4E2-82F4-4533-8F25-BDAFA4DB6ABC}.Debug|x64.ActiveCfg = Debug|x64
		{9C00E4E2-82F4-4533-8F25-BDAFA4DB6ABC}.Debug|x64.Build.0 = Debug|x64
		{9C00E4E2-82F4-4533-8F25-BDAFA4DB6ABC}.Debug|x86.ActiveCfg = Debug|Win32
		{9C00E4E2-82F4-4533-8F25-BDAFA4DB6ABC}.Debug|x86.Build.0 = Debug|Win32
		{9C00E4E2-82F4-4533-8F25-BDAFA4DB6ABC}.Release|x64.ActiveCfg = Release|x64
		{9C00E4E2-82F4-4533-8F25-BDAFA4DB6ABC}.Release|x64.Build.0 = Release|x64
		{9C00E4E2-82F4-4533-8F25-BDAFA4DB6ABC}.Release|x86.ActiveCfg = Release|Win32
		{9C00E4E2-82F4-4533-8F25-BDAFA4DB6ABC}.Release|x86.Build.0 = Release|Win32
	EndGlobalSection
	GlobalSection(SolutionProperties) = preSolution
		HideSolutionNode = FALSE
	EndGlobalSection
	GlobalSection(ExtensibilityGlobals) = postSolution
		SolutionGuid = {43D0A463-7AAE-4519-B9BB-1577E53F32BE}
	EndGlobalSection
EndGlobal
